
Microsoft Visual Studio Solution File, Format Version 12.00
# Visual Studio Version 16
VisualStudioVersion = 16.0.29519.181
MinimumVisualStudioVersion = 10.0.40219.1
Project("{FAE04EC0-301F-11D3-BF4B-00C04F79EFBC}") = "StratisRates", "StratisRates\StratisRates.csproj", "{94DF6685-0603-47F4-B252-0B5DA01DFA6C}"
EndProject
Global
	GlobalSection(SolutionConfigurationPlatforms) = preSolution
		Debug|Any CPU = Debug|Any CPU
		Release|Any CPU = Release|Any CPU
	EndGlobalSection
	GlobalSection(ProjectConfigurationPlatforms) = postSolution
		{94DF6685-0603-47F4-B252-0B5DA01DFA6C}.Debug|Any CPU.ActiveCfg = Debug|Any CPU
		{94DF6685-0603-47F4-B252-0B5DA01DFA6C}.Debug|Any CPU.Build.0 = Debug|Any CPU
		{94DF6685-0603-47F4-B252-0B5DA01DFA6C}.Release|Any CPU.ActiveCfg = Release|Any CPU
		{94DF6685-0603-47F4-B252-0B5DA01DFA6C}.Release|Any CPU.Build.0 = Release|Any CPU
	EndGlobalSection
	GlobalSection(SolutionProperties) = preSolution
		HideSolutionNode = FALSE
	EndGlobalSection
	GlobalSection(ExtensibilityGlobals) = postSolution
		SolutionGuid = {E20DD8CB-9C32-47AE-884F-F7DB23F07CA0}
	EndGlobalSection
EndGlobal
